
Microsoft Visual Studio Solution File, Format Version 12.00
# Visual Studio Version 17
VisualStudioVersion = 17.9.34622.214
MinimumVisualStudioVersion = 10.0.40219.1
Project("{9A19103F-16F7-4668-BE54-9A1E7A4F7556}") = "TestCallCenterLeha", "TestCallCenterLeha\TestCallCenterLeha.csproj", "{8CEF29CD-C50B-4D7A-AF4C-AA85F18289CA}"
EndProject
Project("{9A19103F-16F7-4668-BE54-9A1E7A4F7556}") = "ConsoleApp1", "ConsoleApp1\ConsoleApp1.csproj", "{D7E200C4-94CA-41FE-AC87-A5B71576BC36}"
EndProject
Project("{9A19103F-16F7-4668-BE54-9A1E7A4F7556}") = "Notes.Serialization", "Notes.Serialization\Notes.Serialization.csproj", "{F9DBDD40-534E-44C0-AE70-F1E352599563}"
EndProject
Project("{FAE04EC0-301F-11D3-BF4B-00C04F79EFBC}") = "Notes.Core", "Notes.Core\Notes.Core.csproj", "{FF22F7B3-C18F-475E-B431-E21706791225}"
EndProject
Global
	GlobalSection(SolutionConfigurationPlatforms) = preSolution
		Debug|Any CPU = Debug|Any CPU
		Release|Any CPU = Release|Any CPU
	EndGlobalSection
	GlobalSection(ProjectConfigurationPlatforms) = postSolution
		{8CEF29CD-C50B-4D7A-AF4C-AA85F18289CA}.Debug|Any CPU.ActiveCfg = Debug|Any CPU
		{8CEF29CD-C50B-4D7A-AF4C-AA85F18289CA}.Debug|Any CPU.Build.0 = Debug|Any CPU
		{8CEF29CD-C50B-4D7A-AF4C-AA85F18289CA}.Release|Any CPU.ActiveCfg = Release|Any CPU
		{8CEF29CD-C50B-4D7A-AF4C-AA85F18289CA}.Release|Any CPU.Build.0 = Release|Any CPU
		{D7E200C4-94CA-41FE-AC87-A5B71576BC36}.Debug|Any CPU.ActiveCfg = Debug|Any CPU
		{D7E200C4-94CA-41FE-AC87-A5B71576BC36}.Debug|Any CPU.Build.0 = Debug|Any CPU
		{D7E200C4-94CA-41FE-AC87-A5B71576BC36}.Release|Any CPU.ActiveCfg = Release|Any CPU
		{D7E200C4-94CA-41FE-AC87-A5B71576BC36}.Release|Any CPU.Build.0 = Release|Any CPU
		{F9DBDD40-534E-44C0-AE70-F1E352599563}.Debug|Any CPU.ActiveCfg = Debug|Any CPU
		{F9DBDD40-534E-44C0-AE70-F1E352599563}.Debug|Any CPU.Build.0 = Debug|Any CPU
		{F9DBDD40-534E-44C0-AE70-F1E352599563}.Release|Any CPU.ActiveCfg = Release|Any CPU
		{F9DBDD40-534E-44C0-AE70-F1E352599563}.Release|Any CPU.Build.0 = Release|Any CPU
		{FF22F7B3-C18F-475E-B431-E21706791225}.Debug|Any CPU.ActiveCfg = Debug|Any CPU
		{FF22F7B3-C18F-475E-B431-E21706791225}.Debug|Any CPU.Build.0 = Debug|Any CPU
		{FF22F7B3-C18F-475E-B431-E21706791225}.Release|Any CPU.ActiveCfg = Release|Any CPU
		{FF22F7B3-C18F-475E-B431-E21706791225}.Release|Any CPU.Build.0 = Release|Any CPU
	EndGlobalSection
	GlobalSection(SolutionProperties) = preSolution
		HideSolutionNode = FALSE
	EndGlobalSection
	GlobalSection(ExtensibilityGlobals) = postSolution
		SolutionGuid = {97167684-8009-47A2-9068-6A5E02A016A7}
	EndGlobalSection
EndGlobal
